
Microsoft Visual Studio Solution File, Format Version 12.00
# Visual Studio 14
VisualStudioVersion = 14.0.23107.0
MinimumVisualStudioVersion = 10.0.40219.1
Project("{FAE04EC0-301F-11D3-BF4B-00C04F79EFBC}") = "LearningTypeScript.Api", "LearningTypeScript\LearningTypeScript.Api.csproj", "{EE654ED2-B0A0-4023-8F07-1D7A571AC8FB}"
EndProject
Project("{FAE04EC0-301F-11D3-BF4B-00C04F79EFBC}") = "LearningTypeScript.Domain", "LearningTypeScript.Domain\LearningTypeScript.Domain.csproj", "{AA09B442-DD52-41EC-B1A7-798F91BA21A5}"
EndProject
Project("{FAE04EC0-301F-11D3-BF4B-00C04F79EFBC}") = "LearningTypeScript.Data", "LearningTypeScript.Data\LearningTypeScript.Data.csproj", "{ADCE8484-4A60-4B91-8023-5D47A267B7B6}"
EndProject
Project("{FAE04EC0-301F-11D3-BF4B-00C04F79EFBC}") = "LearningTypeScript.Services", "LearningTypeScript.Services\LearningTypeScript.Services.csproj", "{88F3F54E-9117-4360-BF22-E26FAAA2393E}"
EndProject
Project("{FAE04EC0-301F-11D3-BF4B-00C04F79EFBC}") = "LearningTypeScript.Ioc", "LearningTypeScript.Ioc\LearningTypeScript.Ioc.csproj", "{B5A9FFC2-7C2D-4B82-BE75-A83C1E52C32E}"
EndProject
Global
	GlobalSection(SolutionConfigurationPlatforms) = preSolution
		Debug|Any CPU = Debug|Any CPU
		Release|Any CPU = Release|Any CPU
	EndGlobalSection
	GlobalSection(ProjectConfigurationPlatforms) = postSolution
		{EE654ED2-B0A0-4023-8F07-1D7A571AC8FB}.Debug|Any CPU.ActiveCfg = Debug|Any CPU
		{EE654ED2-B0A0-4023-8F07-1D7A571AC8FB}.Debug|Any CPU.Build.0 = Debug|Any CPU
		{EE654ED2-B0A0-4023-8F07-1D7A571AC8FB}.Release|Any CPU.ActiveCfg = Release|Any CPU
		{EE654ED2-B0A0-4023-8F07-1D7A571AC8FB}.Release|Any CPU.Build.0 = Release|Any CPU
		{AA09B442-DD52-41EC-B1A7-798F91BA21A5}.Debug|Any CPU.ActiveCfg = Debug|Any CPU
		{AA09B442-DD52-41EC-B1A7-798F91BA21A5}.Debug|Any CPU.Build.0 = Debug|Any CPU
		{AA09B442-DD52-41EC-B1A7-798F91BA21A5}.Release|Any CPU.ActiveCfg = Release|Any CPU
		{AA09B442-DD52-41EC-B1A7-798F91BA21A5}.Release|Any CPU.Build.0 = Release|Any CPU
		{ADCE8484-4A60-4B91-8023-5D47A267B7B6}.Debug|Any CPU.ActiveCfg = Debug|Any CPU
		{ADCE8484-4A60-4B91-8023-5D47A267B7B6}.Debug|Any CPU.Build.0 = Debug|Any CPU
		{ADCE8484-4A60-4B91-8023-5D47A267B7B6}.Release|Any CPU.ActiveCfg = Release|Any CPU
		{ADCE8484-4A60-4B91-8023-5D47A267B7B6}.Release|Any CPU.Build.0 = Release|Any CPU
		{88F3F54E-9117-4360-BF22-E26FAAA2393E}.Debug|Any CPU.ActiveCfg = Debug|Any CPU
		{88F3F54E-9117-4360-BF22-E26FAAA2393E}.Debug|Any CPU.Build.0 = Debug|Any CPU
		{88F3F54E-9117-4360-BF22-E26FAAA2393E}.Release|Any CPU.ActiveCfg = Release|Any CPU
		{88F3F54E-9117-4360-BF22-E26FAAA2393E}.Release|Any CPU.Build.0 = Release|Any CPU
		{B5A9FFC2-7C2D-4B82-BE75-A83C1E52C32E}.Debug|Any CPU.ActiveCfg = Debug|Any CPU
		{B5A9FFC2-7C2D-4B82-BE75-A83C1E52C32E}.Debug|Any CPU.Build.0 = Debug|Any CPU
		{B5A9FFC2-7C2D-4B82-BE75-A83C1E52C32E}.Release|Any CPU.ActiveCfg = Release|Any CPU
		{B5A9FFC2-7C2D-4B82-BE75-A83C1E52C32E}.Release|Any CPU.Build.0 = Release|Any CPU
	EndGlobalSection
	GlobalSection(SolutionProperties) = preSolution
		HideSolutionNode = FALSE
	EndGlobalSection
	GlobalSection(ExtensibilityGlobals) = postSolution
		EnterpriseLibraryConfigurationToolBinariesPathV6 = packages\EnterpriseLibrary.TransientFaultHandling.6.0.1304.0\lib\portable-net45+win+wp8;packages\EnterpriseLibrary.TransientFaultHandling.Data.6.0.1304.1\lib\NET45
	EndGlobalSection
EndGlobal
